
Microsoft Visual Studio Solution File, Format Version 12.00
# Visual Studio Version 16
VisualStudioVersion = 16.0.30907.101
MinimumVisualStudioVersion = 10.0.40219.1
Project("{8BC9CEB8-8B4A-11D0-8D11-00A0C91BC942}") = "ZThreadPool", "ZThreadPool\ZThreadPool.vcxproj", "{0F914A08-7E5C-46EA-ABAB-F8B3FC844E16}"
EndProject
Global
	GlobalSection(SolutionConfigurationPlatforms) = preSolution
		Debug|x64 = Debug|x64
		Release|x64 = Release|x64
	EndGlobalSection
	GlobalSection(ProjectConfigurationPlatforms) = postSolution
		{0F914A08-7E5C-46EA-ABAB-F8B3FC844E16}.Debug|x64.ActiveCfg = Debug|x64
		{0F914A08-7E5C-46EA-ABAB-F8B3FC844E16}.Debug|x64.Build.0 = Debug|x64
		{0F914A08-7E5C-46EA-ABAB-F8B3FC844E16}.Release|x64.ActiveCfg = Release|x64
		{0F914A08-7E5C-46EA-ABAB-F8B3FC844E16}.Release|x64.Build.0 = Release|x64
	EndGlobalSection
	GlobalSection(SolutionProperties) = preSolution
		HideSolutionNode = FALSE
	EndGlobalSection
	GlobalSection(ExtensibilityGlobals) = postSolution
		SolutionGuid = {D8BBD91C-507F-4421-AA29-3EE76973FC7D}
	EndGlobalSection
EndGlobal
